
Microsoft Visual Studio Solution File, Format Version 12.00
# Visual Studio Version 17
VisualStudioVersion = 17.5.33530.505
MinimumVisualStudioVersion = 10.0.40219.1
Project("{FAE04EC0-301F-11D3-BF4B-00C04F79EFBC}") = "LINQ_Assignment", "LINQ_Assignment\LINQ_Assignment.csproj", "{BAE06CC2-FA5C-4F1B-B4DC-F21A76B850BC}"
EndProject
Global
	GlobalSection(SolutionConfigurationPlatforms) = preSolution
		Debug|Any CPU = Debug|Any CPU
		Release|Any CPU = Release|Any CPU
	EndGlobalSection
	GlobalSection(ProjectConfigurationPlatforms) = postSolution
		{BAE06CC2-FA5C-4F1B-B4DC-F21A76B850BC}.Debug|Any CPU.ActiveCfg = Debug|Any CPU
		{BAE06CC2-FA5C-4F1B-B4DC-F21A76B850BC}.Debug|Any CPU.Build.0 = Debug|Any CPU
		{BAE06CC2-FA5C-4F1B-B4DC-F21A76B850BC}.Release|Any CPU.ActiveCfg = Release|Any CPU
		{BAE06CC2-FA5C-4F1B-B4DC-F21A76B850BC}.Release|Any CPU.Build.0 = Release|Any CPU
	EndGlobalSection
	GlobalSection(SolutionProperties) = preSolution
		HideSolutionNode = FALSE
	EndGlobalSection
	GlobalSection(ExtensibilityGlobals) = postSolution
		SolutionGuid = {2C956CD4-A69A-420D-AF22-BD7CF7511495}
	EndGlobalSection
EndGlobal
